
Microsoft Visual Studio Solution File, Format Version 12.00
# Visual Studio Version 17
VisualStudioVersion = 17.3.32929.385
MinimumVisualStudioVersion = 10.0.40219.1
Project("{FAE04EC0-301F-11D3-BF4B-00C04F79EFBC}") = "Arduino Serialport 12.07", "Arduino Serialport 12.07\Arduino Serialport 12.07.csproj", "{4ABB5D7D-6096-4803-B1D7-B0DF8A77416E}"
EndProject
Global
	GlobalSection(SolutionConfigurationPlatforms) = preSolution
		Debug|Any CPU = Debug|Any CPU
		Release|Any CPU = Release|Any CPU
	EndGlobalSection
	GlobalSection(ProjectConfigurationPlatforms) = postSolution
		{4ABB5D7D-6096-4803-B1D7-B0DF8A77416E}.Debug|Any CPU.ActiveCfg = Debug|Any CPU
		{4ABB5D7D-6096-4803-B1D7-B0DF8A77416E}.Debug|Any CPU.Build.0 = Debug|Any CPU
		{4ABB5D7D-6096-4803-B1D7-B0DF8A77416E}.Release|Any CPU.ActiveCfg = Release|Any CPU
		{4ABB5D7D-6096-4803-B1D7-B0DF8A77416E}.Release|Any CPU.Build.0 = Release|Any CPU
	EndGlobalSection
	GlobalSection(SolutionProperties) = preSolution
		HideSolutionNode = FALSE
	EndGlobalSection
	GlobalSection(ExtensibilityGlobals) = postSolution
		SolutionGuid = {980A349C-14AC-4D38-9427-F92E1BACB0AD}
	EndGlobalSection
EndGlobal
