
Microsoft Visual Studio Solution File, Format Version 12.00
# Visual Studio Version 17
VisualStudioVersion = 17.3.32929.385
MinimumVisualStudioVersion = 10.0.40219.1
Project("{FAE04EC0-301F-11D3-BF4B-00C04F79EFBC}") = "W1", "W1\W1.csproj", "{41CD8C9A-D4B2-46B9-A5B6-CD5E5AA74F1A}"
EndProject
Global
	GlobalSection(SolutionConfigurationPlatforms) = preSolution
		Debug|Any CPU = Debug|Any CPU
		Release|Any CPU = Release|Any CPU
	EndGlobalSection
	GlobalSection(ProjectConfigurationPlatforms) = postSolution
		{41CD8C9A-D4B2-46B9-A5B6-CD5E5AA74F1A}.Debug|Any CPU.ActiveCfg = Debug|Any CPU
		{41CD8C9A-D4B2-46B9-A5B6-CD5E5AA74F1A}.Debug|Any CPU.Build.0 = Debug|Any CPU
		{41CD8C9A-D4B2-46B9-A5B6-CD5E5AA74F1A}.Release|Any CPU.ActiveCfg = Release|Any CPU
		{41CD8C9A-D4B2-46B9-A5B6-CD5E5AA74F1A}.Release|Any CPU.Build.0 = Release|Any CPU
	EndGlobalSection
	GlobalSection(SolutionProperties) = preSolution
		HideSolutionNode = FALSE
	EndGlobalSection
	GlobalSection(ExtensibilityGlobals) = postSolution
		SolutionGuid = {05868B8E-C211-4523-8102-4A0462896959}
	EndGlobalSection
EndGlobal
