
Microsoft Visual Studio Solution File, Format Version 12.00
# Visual Studio Version 17
VisualStudioVersion = 17.3.32929.385
MinimumVisualStudioVersion = 10.0.40219.1
Project("{FAE04EC0-301F-11D3-BF4B-00C04F79EFBC}") = "Resister", "Resister\Resister.csproj", "{8742EC77-820C-4999-BE8F-B28C25CE370A}"
EndProject
Global
	GlobalSection(SolutionConfigurationPlatforms) = preSolution
		Debug|Any CPU = Debug|Any CPU
		Release|Any CPU = Release|Any CPU
	EndGlobalSection
	GlobalSection(ProjectConfigurationPlatforms) = postSolution
		{8742EC77-820C-4999-BE8F-B28C25CE370A}.Debug|Any CPU.ActiveCfg = Debug|Any CPU
		{8742EC77-820C-4999-BE8F-B28C25CE370A}.Debug|Any CPU.Build.0 = Debug|Any CPU
		{8742EC77-820C-4999-BE8F-B28C25CE370A}.Release|Any CPU.ActiveCfg = Release|Any CPU
		{8742EC77-820C-4999-BE8F-B28C25CE370A}.Release|Any CPU.Build.0 = Release|Any CPU
	EndGlobalSection
	GlobalSection(SolutionProperties) = preSolution
		HideSolutionNode = FALSE
	EndGlobalSection
	GlobalSection(ExtensibilityGlobals) = postSolution
		SolutionGuid = {4C6524ED-B195-41F8-9B37-DF3FE29EFB0C}
	EndGlobalSection
EndGlobal
